
Microsoft Visual Studio Solution File, Format Version 12.00
# Visual Studio Version 17
VisualStudioVersion = 17.11.35327.3
MinimumVisualStudioVersion = 10.0.40219.1
Project("{FAE04EC0-301F-11D3-BF4B-00C04F79EFBC}") = "prySernaPConexionBD2", "prySernaPConexionBD2\prySernaPConexionBD2.csproj", "{4AAD95B9-C0B2-4AED-97CA-BD6830089373}"
EndProject
Global
	GlobalSection(SolutionConfigurationPlatforms) = preSolution
		Debug|Any CPU = Debug|Any CPU
		Release|Any CPU = Release|Any CPU
	EndGlobalSection
	GlobalSection(ProjectConfigurationPlatforms) = postSolution
		{4AAD95B9-C0B2-4AED-97CA-BD6830089373}.Debug|Any CPU.ActiveCfg = Debug|Any CPU
		{4AAD95B9-C0B2-4AED-97CA-BD6830089373}.Debug|Any CPU.Build.0 = Debug|Any CPU
		{4AAD95B9-C0B2-4AED-97CA-BD6830089373}.Release|Any CPU.ActiveCfg = Release|Any CPU
		{4AAD95B9-C0B2-4AED-97CA-BD6830089373}.Release|Any CPU.Build.0 = Release|Any CPU
	EndGlobalSection
	GlobalSection(SolutionProperties) = preSolution
		HideSolutionNode = FALSE
	EndGlobalSection
	GlobalSection(ExtensibilityGlobals) = postSolution
		SolutionGuid = {95527D81-E6E0-4D99-AA4E-B6B3B5C5A24D}
	EndGlobalSection
EndGlobal
